schema: '2.0'
stages:
  get_bdb_2024_data:
    cmd: kaggle competitions download -c nfl-big-data-bowl-2024 -p data/
    outs:
    - path: data/nfl-big-data-bowl-2024.zip
      hash: md5
      md5: d39d15812f2c6aa9450eaef71f71e601
      size: 292799779
  unzip_bdb_2024_data:
    cmd: unzip data/nfl-big-data-bowl-2024.zip -d data/bdb_2024/
    deps:
    - path: data/nfl-big-data-bowl-2024.zip
      hash: md5
      md5: d39d15812f2c6aa9450eaef71f71e601
      size: 292799779
    outs:
    - path: data/bdb_2024
      hash: md5
      md5: c7869f4305b74f791c1de31cdee7982d.dir
      size: 1611304510
      nfiles: 13
  prep_data:
    cmd: uv run python src/prep_data.py
    deps:
    - path: data/bdb_2024/
      hash: md5
      md5: c7869f4305b74f791c1de31cdee7982d.dir
      size: 1611304510
      nfiles: 13
    - path: src/prep_data.py
      hash: md5
      md5: 94f682a1aef91622bc7a1bdfca0e1bee
      size: 14690
    outs:
    - path: data/split_prepped_data/
      hash: md5
      md5: 4b678a6cef636cd4b359ab7498186897.dir
      size: 1023797370
      nfiles: 6
  precompute_datasets:
    cmd: uv run python src/datasets.py
    deps:
    - path: data/split_prepped_data/
      hash: md5
      md5: 4b678a6cef636cd4b359ab7498186897.dir
      size: 1023797370
      nfiles: 6
    - path: src/datasets.py
      hash: md5
      md5: 1cb7940a2d1f068b4c55f509df0cab56
      size: 10137
    outs:
    - path: data/datasets/
      hash: md5
      md5: 7e5c358b2cc96f0ef90feba4d4f319b1.dir
      size: 36808213462
      nfiles: 12
  train_zoo_models:
    cmd: uv run python src/train.py --model_type zoo --device 0
    deps:
    - path: data/datasets/zoo/
      hash: md5
      md5: e0c6bb559824f77710178d27f9cec4a9.dir
      size: 11254026456
      nfiles: 3
    - path: src/datasets.py
      hash: md5
      md5: 1cb7940a2d1f068b4c55f509df0cab56
      size: 10137
    - path: src/models.py
      hash: md5
      md5: 09e05d29c28218ac2483f929e3118990
      size: 14086
    - path: src/train.py
      hash: md5
      md5: 55bdf380852df4d6648af59dda3351ad
      size: 11960
    outs:
    - path: models/zoo/
      hash: md5
      md5: f51824cae0ea8c0a266e495833fec65d.dir
      size: 1164274233
      nfiles: 122
  train_transformer_models:
    cmd: uv run python src/train.py --model_type transformer --device 0
    deps:
    - path: data/datasets/transformer
      hash: md5
      md5: 3f42dcf10223ff8b88b426d75e678f26.dir
      size: 7150080275
      nfiles: 3
    - path: src/datasets.py
      hash: md5
      md5: 1cb7940a2d1f068b4c55f509df0cab56
      size: 10137
    - path: src/models.py
      hash: md5
      md5: 09e05d29c28218ac2483f929e3118990
      size: 14086
    - path: src/train.py
      hash: md5
      md5: 55bdf380852df4d6648af59dda3351ad
      size: 11960
    outs:
    - path: models/transformer/
      hash: md5
      md5: 3874c675a8cb341f107ea5829a95eb35.dir
      size: 1721799628
      nfiles: 117
  pick_best_models:
    cmd: uv run python src/pick_best_models.py
    deps:
    - path: models/transformer/
      hash: md5
      md5: 3874c675a8cb341f107ea5829a95eb35.dir
      size: 1721799628
      nfiles: 117
    - path: models/zoo/
      hash: md5
      md5: f51824cae0ea8c0a266e495833fec65d.dir
      size: 1164274233
      nfiles: 122
    - path: src/datasets.py
      hash: md5
      md5: 1cb7940a2d1f068b4c55f509df0cab56
      size: 10137
    - path: src/models.py
      hash: md5
      md5: 09e05d29c28218ac2483f929e3118990
      size: 14086
    - path: src/pick_best_models.py
      hash: md5
      md5: 8334b57aaf02585a32decc1d93944428
      size: 3176
    outs:
    - path: models/best_models/
      hash: md5
      md5: acd9753472d3f159a8ea3f9c3930560d.dir
      size: 150873868
      nfiles: 4
