# generated by rye
# use `rye lock` or `rye sync` to update this lockfile
#
# last locked with the following flags:
#   pre: false
#   features: []
#   all-features: false
#   with-sources: false

-e file:.
absl-py==2.1.0
    # via tensorboard
aiohttp==3.9.5
    # via aiohttp-retry
    # via fsspec
aiohttp-retry==2.8.3
    # via dvc-http
    # via scmrepo
aiosignal==1.3.1
    # via aiohttp
amqp==5.2.0
    # via kombu
annotated-types==0.6.0
    # via pydantic
antlr4-python3-runtime==4.9.3
    # via hydra-core
    # via omegaconf
appdirs==1.4.4
    # via iterative-telemetry
asyncssh==2.14.2
    # via scmrepo
atpublic==4.1.0
    # via flufl-lock
attrs==23.2.0
    # via aiohttp
    # via dvc
    # via dvc-data
    # via sqltrie
billiard==4.2.0
    # via celery
bleach==6.1.0
    # via kaggle
    # via panel
bokeh==3.4.1
    # via hvplot
    # via panel
celery==5.4.0
    # via dvc
    # via dvc-task
certifi==2024.2.2
    # via kaggle
    # via requests
cffi==1.16.0
    # via cryptography
    # via pygit2
charset-normalizer==3.3.2
    # via requests
click==8.1.7
    # via celery
    # via click-didyoumean
    # via click-plugins
    # via click-repl
    # via typer
click-didyoumean==0.3.1
    # via celery
click-plugins==1.1.1
    # via celery
click-repl==0.3.0
    # via celery
colorama==0.4.6
    # via dvc
colorcet==3.1.0
    # via holoviews
    # via hvplot
configobj==5.0.8
    # via dvc
contourpy==1.2.1
    # via bokeh
cryptography==42.0.5
    # via asyncssh
dictdiffer==0.9.0
    # via dvc-data
dill==0.3.8
    # via pandarallel
diskcache==5.6.3
    # via dvc-data
distro==1.9.0
    # via dvc
    # via iterative-telemetry
dpath==2.1.6
    # via dvc
dulwich==0.22.1
    # via dvc
    # via dvc-studio-client
    # via scmrepo
dvc==3.50.1
    # via bigdatabowltransformerdemo
dvc-data==3.15.1
    # via dvc
dvc-http==2.32.0
    # via dvc
dvc-objects==5.1.0
    # via dvc
    # via dvc-data
dvc-render==1.0.2
    # via dvc
dvc-studio-client==0.20.0
    # via dvc
dvc-task==0.4.0
    # via dvc
entrypoints==0.4
    # via gto
filelock==3.14.0
    # via iterative-telemetry
    # via torch
flatten-dict==0.4.2
    # via dvc
flufl-lock==7.1.1
    # via dvc
frozenlist==1.4.1
    # via aiohttp
    # via aiosignal
fsspec==2024.3.1
    # via dvc
    # via dvc-data
    # via dvc-http
    # via dvc-objects
    # via lightning
    # via pytorch-lightning
    # via scmrepo
    # via torch
funcy==2.0
    # via dvc
    # via dvc-task
    # via gto
    # via scmrepo
gitdb==4.0.11
    # via gitpython
gitpython==3.1.43
    # via scmrepo
grandalf==0.8
    # via dvc
grpcio==1.63.0
    # via tensorboard
gto==1.7.1
    # via dvc
holoviews==1.18.3
    # via hvplot
hvplot==0.10.0
    # via polars
hydra-core==1.3.2
    # via dvc
idna==3.7
    # via requests
    # via yarl
iterative-telemetry==0.0.8
    # via dvc
jinja2==3.1.3
    # via bokeh
    # via torch
kaggle==1.6.12
    # via bigdatabowltransformerdemo
kombu==5.3.7
    # via celery
    # via dvc
    # via dvc-task
lightning==2.2.4
    # via bigdatabowltransformerdemo
lightning-utilities==0.11.2
    # via lightning
    # via pytorch-lightning
    # via torchmetrics
linkify-it-py==2.0.3
    # via panel
markdown==3.6
    # via panel
    # via tensorboard
markdown-it-py==3.0.0
    # via mdit-py-plugins
    # via panel
    # via rich
markupsafe==2.1.5
    # via jinja2
    # via werkzeug
mdit-py-plugins==0.4.0
    # via panel
mdurl==0.1.2
    # via markdown-it-py
mpmath==1.3.0
    # via sympy
multidict==6.0.5
    # via aiohttp
    # via yarl
networkx==3.3
    # via dvc
    # via torch
numpy==1.26.4
    # via bokeh
    # via contourpy
    # via holoviews
    # via hvplot
    # via lightning
    # via pandas
    # via polars
    # via pyarrow
    # via pytorch-lightning
    # via tensorboard
    # via tensorboardx
    # via torchmetrics
nvidia-cublas-cu12==12.1.3.1
    # via nvidia-cudnn-cu12
    # via nvidia-cusolver-cu12
    # via torch
nvidia-cuda-cupti-cu12==12.1.105
    # via torch
nvidia-cuda-nvrtc-cu12==12.1.105
    # via torch
nvidia-cuda-runtime-cu12==12.1.105
    # via torch
nvidia-cudnn-cu12==8.9.2.26
    # via torch
nvidia-cufft-cu12==11.0.2.54
    # via torch
nvidia-curand-cu12==10.3.2.106
    # via torch
nvidia-cusolver-cu12==11.4.5.107
    # via torch
nvidia-cusparse-cu12==12.1.0.106
    # via nvidia-cusolver-cu12
    # via torch
nvidia-nccl-cu12==2.20.5
    # via torch
nvidia-nvjitlink-cu12==12.4.127
    # via nvidia-cusolver-cu12
    # via nvidia-cusparse-cu12
nvidia-nvtx-cu12==12.1.105
    # via torch
omegaconf==2.3.0
    # via dvc
    # via hydra-core
orjson==3.10.2
    # via sqltrie
packaging==24.0
    # via bokeh
    # via dvc
    # via holoviews
    # via hvplot
    # via hydra-core
    # via lightning
    # via lightning-utilities
    # via pytorch-lightning
    # via tensorboardx
    # via torchmetrics
pandarallel==1.6.5
    # via bigdatabowltransformerdemo
pandas==2.2.2
    # via bokeh
    # via holoviews
    # via hvplot
    # via pandarallel
    # via panel
    # via polars
    # via torch-tb-profiler
panel==1.4.2
    # via holoviews
    # via hvplot
param==2.1.0
    # via holoviews
    # via hvplot
    # via panel
    # via pyviz-comms
pathspec==0.12.1
    # via dvc
    # via scmrepo
pillow==10.3.0
    # via bokeh
platformdirs==3.11.0
    # via dvc
polars==0.20.23
    # via bigdatabowltransformerdemo
prompt-toolkit==3.0.43
    # via click-repl
protobuf==5.26.1
    # via tensorboard
    # via tensorboardx
psutil==5.9.8
    # via dvc
    # via flufl-lock
    # via pandarallel
pyarrow==16.0.0
    # via polars
pycparser==2.22
    # via cffi
pydantic==2.7.1
    # via gto
pydantic-core==2.18.2
    # via pydantic
pydot==2.0.0
    # via dvc
pygit2==1.14.1
    # via scmrepo
pygments==2.17.2
    # via rich
pygtrie==2.5.0
    # via dvc
    # via dvc-data
    # via scmrepo
    # via sqltrie
pyparsing==3.1.2
    # via dvc
    # via grandalf
    # via pydot
python-dateutil==2.9.0.post0
    # via celery
    # via kaggle
    # via pandas
python-slugify==8.0.4
    # via kaggle
pytorch-lightning==2.2.4
    # via lightning
pytz==2024.1
    # via pandas
pyviz-comms==3.0.2
    # via holoviews
    # via panel
pyyaml==6.0.1
    # via bokeh
    # via lightning
    # via omegaconf
    # via pytorch-lightning
requests==2.31.0
    # via dvc
    # via dvc-studio-client
    # via iterative-telemetry
    # via kaggle
    # via panel
rich==13.7.1
    # via dvc
    # via gto
    # via typer
ruamel-yaml==0.18.6
    # via dvc
    # via gto
ruamel-yaml-clib==0.2.8
    # via ruamel-yaml
scmrepo==3.3.2
    # via dvc
    # via gto
semver==3.0.2
    # via gto
setuptools==69.5.1
    # via dulwich
    # via lightning-utilities
    # via pygit2
    # via tensorboard
    # via zc-lockfile
shellingham==1.5.4
    # via typer
shortuuid==1.0.13
    # via dvc
    # via dvc-task
shtab==1.7.1
    # via dvc
six==1.16.0
    # via bleach
    # via configobj
    # via flatten-dict
    # via kaggle
    # via python-dateutil
    # via tensorboard
smmap==5.0.1
    # via gitdb
sqltrie==0.11.0
    # via dvc-data
sympy==1.12
    # via torch
tabulate==0.9.0
    # via dvc
    # via gto
tensorboard==2.16.2
    # via bigdatabowltransformerdemo
    # via torch-tb-profiler
tensorboard-data-server==0.7.2
    # via tensorboard
tensorboardx==2.6.2.2
    # via bigdatabowltransformerdemo
text-unidecode==1.3
    # via python-slugify
tomlkit==0.12.4
    # via dvc
torch==2.3.0
    # via bigdatabowltransformerdemo
    # via lightning
    # via pytorch-lightning
    # via torchmetrics
torch-tb-profiler==0.4.3
    # via bigdatabowltransformerdemo
torchmetrics==1.3.2
    # via lightning
    # via pytorch-lightning
tornado==6.4
    # via bokeh
tqdm==4.66.3
    # via bigdatabowltransformerdemo
    # via dvc
    # via dvc-data
    # via fsspec
    # via kaggle
    # via lightning
    # via panel
    # via pytorch-lightning
    # via scmrepo
typer==0.12.3
    # via gto
typing-extensions==4.11.0
    # via asyncssh
    # via lightning
    # via lightning-utilities
    # via panel
    # via pydantic
    # via pydantic-core
    # via pytorch-lightning
    # via torch
    # via typer
tzdata==2024.1
    # via celery
    # via pandas
uc-micro-py==1.0.3
    # via linkify-it-py
urllib3==2.2.1
    # via dulwich
    # via kaggle
    # via requests
vine==5.1.0
    # via amqp
    # via celery
    # via kombu
voluptuous==0.14.2
    # via dvc
    # via dvc-studio-client
wcwidth==0.2.13
    # via prompt-toolkit
webencodings==0.5.1
    # via bleach
werkzeug==3.0.2
    # via tensorboard
xyzservices==2024.4.0
    # via bokeh
    # via panel
yarl==1.9.4
    # via aiohttp
zc-lockfile==3.0.post1
    # via dvc
